
Microsoft Visual Studio Solution File, Format Version 12.00
# Visual Studio Version 16
VisualStudioVersion = 16.0.29709.97
MinimumVisualStudioVersion = 10.0.40219.1
Project("{FAE04EC0-301F-11D3-BF4B-00C04F79EFBC}") = "line_coup", "line_coup\line_coup.csproj", "{59A97142-3EFB-4631-B9FC-F9CD2356386C}"
EndProject
Global
	GlobalSection(SolutionConfigurationPlatforms) = preSolution
		Debug|Any CPU = Debug|Any CPU
		Release|Any CPU = Release|Any CPU
	EndGlobalSection
	GlobalSection(ProjectConfigurationPlatforms) = postSolution
		{59A97142-3EFB-4631-B9FC-F9CD2356386C}.Debug|Any CPU.ActiveCfg = Debug|Any CPU
		{59A97142-3EFB-4631-B9FC-F9CD2356386C}.Debug|Any CPU.Build.0 = Debug|Any CPU
		{59A97142-3EFB-4631-B9FC-F9CD2356386C}.Release|Any CPU.ActiveCfg = Release|Any CPU
		{59A97142-3EFB-4631-B9FC-F9CD2356386C}.Release|Any CPU.Build.0 = Release|Any CPU
	EndGlobalSection
	GlobalSection(SolutionProperties) = preSolution
		HideSolutionNode = FALSE
	EndGlobalSection
	GlobalSection(ExtensibilityGlobals) = postSolution
		SolutionGuid = {ED616FD5-2E8C-4E31-AB5B-9095D681C345}
	EndGlobalSection
EndGlobal
